
Microsoft Visual Studio Solution File, Format Version 12.00
# Visual Studio Version 17
VisualStudioVersion = 17.6.33712.159
MinimumVisualStudioVersion = 10.0.40219.1
Project("{FAE04EC0-301F-11D3-BF4B-00C04F79EFBC}") = "DogsAPI", "DogsAPI.csproj", "{B4696EB8-FEEF-4ABF-A20A-2C29EEEEA5CD}"
EndProject
Global
	GlobalSection(SolutionConfigurationPlatforms) = preSolution
		Debug|Any CPU = Debug|Any CPU
		Release|Any CPU = Release|Any CPU
	EndGlobalSection
	GlobalSection(ProjectConfigurationPlatforms) = postSolution
		{B4696EB8-FEEF-4ABF-A20A-2C29EEEEA5CD}.Debug|Any CPU.ActiveCfg = Debug|Any CPU
		{B4696EB8-FEEF-4ABF-A20A-2C29EEEEA5CD}.Debug|Any CPU.Build.0 = Debug|Any CPU
		{B4696EB8-FEEF-4ABF-A20A-2C29EEEEA5CD}.Release|Any CPU.ActiveCfg = Release|Any CPU
		{B4696EB8-FEEF-4ABF-A20A-2C29EEEEA5CD}.Release|Any CPU.Build.0 = Release|Any CPU
	EndGlobalSection
	GlobalSection(SolutionProperties) = preSolution
		HideSolutionNode = FALSE
	EndGlobalSection
	GlobalSection(ExtensibilityGlobals) = postSolution
		SolutionGuid = {2D221ABE-941B-4F5A-B39E-01BC285DC3FD}
	EndGlobalSection
EndGlobal
